# This file is automatically @generated by Cargo.
# It is not intended for manual editing.
version = 3

[[package]]
name = "empty-box"
version = "0.1.1"
source = "registry+https://github.com/rust-lang/crates.io-index"
checksum = "ad4a4445eed23c83c50e2f1214164ef7ab039a0492b0660fb79935816a5fe09e"

[[package]]
name = "rustlambda"
version = "0.1.0"
dependencies = [
 "empty-box",
]
